
Microsoft Visual Studio Solution File, Format Version 12.00
# Visual Studio Version 17
VisualStudioVersion = 17.3.32929.385
MinimumVisualStudioVersion = 10.0.40219.1
Project("{FAE04EC0-301F-11D3-BF4B-00C04F79EFBC}") = "GPX File Viewer", "GPX File Viewer\GPX File Viewer.csproj", "{C15209BD-62AB-4727-A738-04EA6855CBD4}"
EndProject
Global
	GlobalSection(SolutionConfigurationPlatforms) = preSolution
		All|Any CPU = All|Any CPU
		All|x64 = All|x64
		All|x86 = All|x86
		Debug|Any CPU = Debug|Any CPU
		Debug|x64 = Debug|x64
		Debug|x86 = Debug|x86
		Release|Any CPU = Release|Any CPU
		Release|x64 = Release|x64
		Release|x86 = Release|x86
	EndGlobalSection
	GlobalSection(ProjectConfigurationPlatforms) = postSolution
		{C15209BD-62AB-4727-A738-04EA6855CBD4}.All|Any CPU.ActiveCfg = Release|Any CPU
		{C15209BD-62AB-4727-A738-04EA6855CBD4}.All|Any CPU.Build.0 = Release|Any CPU
		{C15209BD-62AB-4727-A738-04EA6855CBD4}.All|x64.ActiveCfg = Debug|x64
		{C15209BD-62AB-4727-A738-04EA6855CBD4}.All|x64.Build.0 = Debug|x64
		{C15209BD-62AB-4727-A738-04EA6855CBD4}.All|x86.ActiveCfg = Debug|x86
		{C15209BD-62AB-4727-A738-04EA6855CBD4}.All|x86.Build.0 = Debug|x86
		{C15209BD-62AB-4727-A738-04EA6855CBD4}.Debug|Any CPU.ActiveCfg = Debug|Any CPU
		{C15209BD-62AB-4727-A738-04EA6855CBD4}.Debug|Any CPU.Build.0 = Debug|Any CPU
		{C15209BD-62AB-4727-A738-04EA6855CBD4}.Debug|x64.ActiveCfg = Debug|x64
		{C15209BD-62AB-4727-A738-04EA6855CBD4}.Debug|x64.Build.0 = Debug|x64
		{C15209BD-62AB-4727-A738-04EA6855CBD4}.Debug|x86.ActiveCfg = Debug|x86
		{C15209BD-62AB-4727-A738-04EA6855CBD4}.Debug|x86.Build.0 = Debug|x86
		{C15209BD-62AB-4727-A738-04EA6855CBD4}.Release|Any CPU.ActiveCfg = Release|Any CPU
		{C15209BD-62AB-4727-A738-04EA6855CBD4}.Release|Any CPU.Build.0 = Release|Any CPU
		{C15209BD-62AB-4727-A738-04EA6855CBD4}.Release|x64.ActiveCfg = Release|x64
		{C15209BD-62AB-4727-A738-04EA6855CBD4}.Release|x64.Build.0 = Release|x64
		{C15209BD-62AB-4727-A738-04EA6855CBD4}.Release|x86.ActiveCfg = Release|x86
		{C15209BD-62AB-4727-A738-04EA6855CBD4}.Release|x86.Build.0 = Release|x86
	EndGlobalSection
	GlobalSection(SolutionProperties) = preSolution
		HideSolutionNode = FALSE
	EndGlobalSection
	GlobalSection(ExtensibilityGlobals) = postSolution
		SolutionGuid = {0ECA3FA3-831F-4DF1-83E8-C7FF368DAC43}
	EndGlobalSection
EndGlobal
